
Microsoft Visual Studio Solution File, Format Version 12.00
# Visual Studio 2013
VisualStudioVersion = 12.0.21005.1
MinimumVisualStudioVersion = 10.0.40219.1
Project("{FAE04EC0-301F-11D3-BF4B-00C04F79EFBC}") = "Api", "Api\Api.csproj", "{8DE7D706-70B5-414E-B5C5-6FF3481E99F1}"
EndProject
Project("{FAE04EC0-301F-11D3-BF4B-00C04F79EFBC}") = "Web", "Web\Web.csproj", "{CC24E23B-A84B-4A39-93CC-635DE135CA1E}"
EndProject
Project("{FAE04EC0-301F-11D3-BF4B-00C04F79EFBC}") = "Dto", "Dto\Dto.csproj", "{561E374B-EADA-4629-A8A6-62BC0FC11FCD}"
EndProject
Project("{FAE04EC0-301F-11D3-BF4B-00C04F79EFBC}") = "Dal", "Dal\Dal.csproj", "{14C52F07-148B-4AA2-B96A-05F8F7962EA7}"
EndProject
Global
	GlobalSection(SolutionConfigurationPlatforms) = preSolution
		Debug|Any CPU = Debug|Any CPU
		Release|Any CPU = Release|Any CPU
	EndGlobalSection
	GlobalSection(ProjectConfigurationPlatforms) = postSolution
		{8DE7D706-70B5-414E-B5C5-6FF3481E99F1}.Debug|Any CPU.ActiveCfg = Debug|Any CPU
		{8DE7D706-70B5-414E-B5C5-6FF3481E99F1}.Debug|Any CPU.Build.0 = Debug|Any CPU
		{8DE7D706-70B5-414E-B5C5-6FF3481E99F1}.Release|Any CPU.ActiveCfg = Release|Any CPU
		{8DE7D706-70B5-414E-B5C5-6FF3481E99F1}.Release|Any CPU.Build.0 = Release|Any CPU
		{CC24E23B-A84B-4A39-93CC-635DE135CA1E}.Debug|Any CPU.ActiveCfg = Debug|Any CPU
		{CC24E23B-A84B-4A39-93CC-635DE135CA1E}.Debug|Any CPU.Build.0 = Debug|Any CPU
		{CC24E23B-A84B-4A39-93CC-635DE135CA1E}.Release|Any CPU.ActiveCfg = Release|Any CPU
		{CC24E23B-A84B-4A39-93CC-635DE135CA1E}.Release|Any CPU.Build.0 = Release|Any CPU
		{561E374B-EADA-4629-A8A6-62BC0FC11FCD}.Debug|Any CPU.ActiveCfg = Debug|Any CPU
		{561E374B-EADA-4629-A8A6-62BC0FC11FCD}.Debug|Any CPU.Build.0 = Debug|Any CPU
		{561E374B-EADA-4629-A8A6-62BC0FC11FCD}.Release|Any CPU.ActiveCfg = Release|Any CPU
		{561E374B-EADA-4629-A8A6-62BC0FC11FCD}.Release|Any CPU.Build.0 = Release|Any CPU
		{14C52F07-148B-4AA2-B96A-05F8F7962EA7}.Debug|Any CPU.ActiveCfg = Debug|Any CPU
		{14C52F07-148B-4AA2-B96A-05F8F7962EA7}.Debug|Any CPU.Build.0 = Debug|Any CPU
		{14C52F07-148B-4AA2-B96A-05F8F7962EA7}.Release|Any CPU.ActiveCfg = Release|Any CPU
		{14C52F07-148B-4AA2-B96A-05F8F7962EA7}.Release|Any CPU.Build.0 = Release|Any CPU
	EndGlobalSection
	GlobalSection(SolutionProperties) = preSolution
		HideSolutionNode = FALSE
	EndGlobalSection
EndGlobal
